{
  "name": "@eeacms/volto-n2k",
  "version": "0.1.5",
  "lockfileVersion": 1,
  "requires": true,
  "dependencies": {
    "classnames": {
      "version": "2.2.6",
      "resolved": "https://registry.npmjs.org/classnames/-/classnames-2.2.6.tgz",
      "integrity": "sha512-JR/iSQOSt+LQIWwrwEzJ9uk0xfN3mTVYMwt1Ir5mUcSN6pU+V4zQFFaJsclJbPuAUQH+yfWef6tm7l1quW3C8Q=="
    },
    "core-js": {
      "version": "3.8.3",
      "resolved": "https://registry.npmjs.org/core-js/-/core-js-3.8.3.tgz",
      "integrity": "sha512-KPYXeVZYemC2TkNEkX/01I+7yd+nX3KddKwZ1Ww7SKWdI2wQprSgLmrTddT8nw92AjEklTsPBoSdQBhbI1bQ6Q=="
    },
    "eventemitter3": {
      "version": "3.1.2",
      "resolved": "https://registry.npmjs.org/eventemitter3/-/eventemitter3-3.1.2.tgz",
      "integrity": "sha512-tvtQIeLVHjDkJYnzf2dgVMxfuSGJeM/7UCG17TT4EumTfNtF+0nebF/4zWOIkCreAbtNqhGEboB6BWrwqNaw4Q=="
    },
    "highlight-words-core": {
      "version": "1.2.2",
      "resolved": "https://registry.npmjs.org/highlight-words-core/-/highlight-words-core-1.2.2.tgz",
      "integrity": "sha512-BXUKIkUuh6cmmxzi5OIbUJxrG8OAk2MqoL1DtO3Wo9D2faJg2ph5ntyuQeLqaHJmzER6H5tllCDA9ZnNe9BVGg=="
    },
    "js-tokens": {
      "version": "4.0.0",
      "resolved": "https://registry.npmjs.org/js-tokens/-/js-tokens-4.0.0.tgz",
      "integrity": "sha512-RdJUflcE3cUzKiMqQgsCu06FPu9UdIJO0beYbPhHN4k6apgJtifcoCtT9bcxOpYBtpD2kCM6Sbzg4CausW/PKQ=="
    },
    "lodash": {
      "version": "4.17.20",
      "resolved": "https://registry.npmjs.org/lodash/-/lodash-4.17.20.tgz",
      "integrity": "sha512-PlhdFcillOINfeV7Ni6oF1TAEayyZBoZ8bcshTHqOYJYlrqzRK5hagpagky5o4HfCzzd1TRkXPMFq6cKk9rGmA=="
    },
    "loose-envify": {
      "version": "1.4.0",
      "resolved": "https://registry.npmjs.org/loose-envify/-/loose-envify-1.4.0.tgz",
      "integrity": "sha512-lyuxPGr/Wfhrlem2CL/UcnUc1zcqKAImBDzukY7Y5F/yQiNdko6+fRLevlw1HgMySw7f611UIY408EtxRSoK3Q==",
      "requires": {
        "js-tokens": "^3.0.0 || ^4.0.0"
      }
    },
    "memoize-one": {
      "version": "4.0.3",
      "resolved": "https://registry.npmjs.org/memoize-one/-/memoize-one-4.0.3.tgz",
      "integrity": "sha512-QmpUu4KqDmX0plH4u+tf0riMc1KHE1+lw95cMrLlXQAFOx/xnBtwhZ52XJxd9X2O6kwKBqX32kmhbhlobD0cuw=="
    },
    "object-assign": {
      "version": "4.1.1",
      "resolved": "https://registry.npmjs.org/object-assign/-/object-assign-4.1.1.tgz",
      "integrity": "sha1-IQmtx5ZYh8/AXLvUQsrIv7s2CGM="
    },
    "performance-now": {
      "version": "2.1.0",
      "resolved": "https://registry.npmjs.org/performance-now/-/performance-now-2.1.0.tgz",
      "integrity": "sha1-Ywn04OX6kT7BxpMHrjZLSzd8nns="
    },
    "prop-types": {
      "version": "15.7.2",
      "resolved": "https://registry.npmjs.org/prop-types/-/prop-types-15.7.2.tgz",
      "integrity": "sha512-8QQikdH7//R2vurIJSutZ1smHYTcLpRWEOlHnzcWHmBYrOGUysKwSsrC89BCiFj3CbrfJ/nXFdJepOVrY1GCHQ==",
      "requires": {
        "loose-envify": "^1.4.0",
        "object-assign": "^4.1.1",
        "react-is": "^16.8.1"
      }
    },
    "raf": {
      "version": "3.4.1",
      "resolved": "https://registry.npmjs.org/raf/-/raf-3.4.1.tgz",
      "integrity": "sha512-Sq4CW4QhwOHE8ucn6J34MqtZCeWFP2aQSmrlroYgqAV1PjStIhJXxYuTgUIfkEk7zTLjmIjLmU5q+fbD1NnOJA==",
      "requires": {
        "performance-now": "^2.1.0"
      }
    },
    "react-highlight-words": {
      "version": "0.16.0",
      "resolved": "https://registry.npmjs.org/react-highlight-words/-/react-highlight-words-0.16.0.tgz",
      "integrity": "sha512-q34TwCSJOL+5pVDv6LUj3amaoyXdNDwd7zRqVAvceOrO9g1haWLAglK6WkGLMNUa3PFN8EgGedLg/k8Gpndxqg==",
      "requires": {
        "highlight-words-core": "^1.2.0",
        "memoize-one": "^4.0.0",
        "prop-types": "^15.5.8"
      }
    },
    "react-is": {
      "version": "16.13.1",
      "resolved": "https://registry.npmjs.org/react-is/-/react-is-16.13.1.tgz",
      "integrity": "sha512-24e6ynE2H+OKt4kqsOvNd8kBpV65zoxbA4BVsEOB3ARVWQki/DHzaUoC5KuON/BiccDaCCTZBuOcfZs70kR8bQ=="
    },
    "react-stickynode": {
      "version": "3.0.4",
      "resolved": "https://registry.npmjs.org/react-stickynode/-/react-stickynode-3.0.4.tgz",
      "integrity": "sha512-0ve+RW8YG41lleor/EiBobz2w8/0KHKxmBdouYFi563hJu94C1n66FgxqRj+zS0vj8zCetvtWvO9kSU8J9RXCA==",
      "requires": {
        "classnames": "^2.0.0",
        "core-js": "^3.6.5",
        "prop-types": "^15.6.0",
        "shallowequal": "^1.0.0",
        "subscribe-ui-event": "^2.0.6"
      }
    },
    "shallowequal": {
      "version": "1.1.0",
      "resolved": "https://registry.npmjs.org/shallowequal/-/shallowequal-1.1.0.tgz",
      "integrity": "sha512-y0m1JoUZSlPAjXVtPPW70aZWfIL/dSP7AFkRnniLCrK/8MDKog3TySTBmckD+RObVxH0v4Tox67+F14PdED2oQ=="
    },
    "subscribe-ui-event": {
      "version": "2.0.7",
      "resolved": "https://registry.npmjs.org/subscribe-ui-event/-/subscribe-ui-event-2.0.7.tgz",
      "integrity": "sha512-Acrtf9XXl6lpyHAWYeRD1xTPUQHDERfL4GHeNuYAtZMc4Z8Us2iDBP0Fn3xiRvkQ1FO+hx+qRLmPEwiZxp7FDQ==",
      "requires": {
        "eventemitter3": "^3.0.0",
        "lodash": "^4.17.15",
        "raf": "^3.0.0"
      }
    }
  }
}
